
Microsoft Visual Studio Solution File, Format Version 12.00
# Visual Studio Version 17
VisualStudioVersion = 17.9.34728.123
MinimumVisualStudioVersion = 10.0.40219.1
Project("{9A19103F-16F7-4668-BE54-9A1E7A4F7556}") = "ReactiveMessenger", "ReactiveMessenger\ReactiveMessenger.csproj", "{390AF07D-C9A9-4D19-81A3-73163FA844C9}"
EndProject
Project("{FAE04EC0-301F-11D3-BF4B-00C04F79EFBC}") = "Test", "Test\Test.csproj", "{ECC59934-412B-421B-BB82-C1BCB3AAC980}"
EndProject
Global
	GlobalSection(SolutionConfigurationPlatforms) = preSolution
		Debug|Any CPU = Debug|Any CPU
		Release|Any CPU = Release|Any CPU
	EndGlobalSection
	GlobalSection(ProjectConfigurationPlatforms) = postSolution
		{390AF07D-C9A9-4D19-81A3-73163FA844C9}.Debug|Any CPU.ActiveCfg = Debug|Any CPU
		{390AF07D-C9A9-4D19-81A3-73163FA844C9}.Debug|Any CPU.Build.0 = Debug|Any CPU
		{390AF07D-C9A9-4D19-81A3-73163FA844C9}.Release|Any CPU.ActiveCfg = Release|Any CPU
		{390AF07D-C9A9-4D19-81A3-73163FA844C9}.Release|Any CPU.Build.0 = Release|Any CPU
		{ECC59934-412B-421B-BB82-C1BCB3AAC980}.Debug|Any CPU.ActiveCfg = Debug|Any CPU
		{ECC59934-412B-421B-BB82-C1BCB3AAC980}.Debug|Any CPU.Build.0 = Debug|Any CPU
		{ECC59934-412B-421B-BB82-C1BCB3AAC980}.Release|Any CPU.ActiveCfg = Release|Any CPU
		{ECC59934-412B-421B-BB82-C1BCB3AAC980}.Release|Any CPU.Build.0 = Release|Any CPU
	EndGlobalSection
	GlobalSection(SolutionProperties) = preSolution
		HideSolutionNode = FALSE
	EndGlobalSection
	GlobalSection(ExtensibilityGlobals) = postSolution
		SolutionGuid = {B3416111-6383-4DE8-81B1-0A7C59B69E63}
	EndGlobalSection
EndGlobal
